// !$*UTF8*$!
{
	archiveVersion = 1;
	classes = {
	};
	objectVersion = 45;
	objects = {

/* Begin PBXBuildFile section */
		1D60589F0D05DD5A006BFB54 /* Foundation.framework in Frameworks */ = {isa = PBXBuildFile; fileRef = 1D30AB110D05D00D00671497 /* Foundation.framework */; };
		1DF5F4E00D08C38300B7A737 /* UIKit.framework in Frameworks */ = {isa = PBXBuildFile; fileRef = 1DF5F4DF0D08C38300B7A737 /* UIKit.framework */; };
		288765FD0DF74451002DB57D /* CoreGraphics.framework in Frameworks */ = {isa = PBXBuildFile; fileRef = 288765FC0DF74451002DB57D /* CoreGraphics.framework */; };
		449C00E212C1681200C99ACD /* AppDelegate.m in Sources */ = {isa = PBXBuildFile; fileRef = 449C00D612C1681200C99ACD /* AppDelegate.m */; };
		449C00E312C1681200C99ACD /* AsyncSocket.m in Sources */ = {isa = PBXBuildFile; fileRef = 449C00D812C1681200C99ACD /* AsyncSocket.m */; };
		449C00E412C1681200C99ACD /* AudioStreamer.m in Sources */ = {isa = PBXBuildFile; fileRef = 449C00DA12C1681200C99ACD /* AudioStreamer.m */; };
		449C00E512C1681200C99ACD /* GestureView.m in Sources */ = {isa = PBXBuildFile; fileRef = 449C00DC12C1681200C99ACD /* GestureView.m */; };
		449C00E612C1681200C99ACD /* GestureView.xib in Resources */ = {isa = PBXBuildFile; fileRef = 449C00DD12C1681200C99ACD /* GestureView.xib */; };
		449C00E712C1681200C99ACD /* NSStreamAdditions.m in Sources */ = {isa = PBXBuildFile; fileRef = 449C00DF12C1681200C99ACD /* NSStreamAdditions.m */; };
		449C00E812C1681200C99ACD /* RootViewController.m in Sources */ = {isa = PBXBuildFile; fileRef = 449C00E112C1681200C99ACD /* RootViewController.m */; };
		449C00EA12C1684400C99ACD /* MainWindow-iPad.xib in Resources */ = {isa = PBXBuildFile; fileRef = 449C00E912C1684400C99ACD /* MainWindow-iPad.xib */; };
		449C00EC12C1685E00C99ACD /* MainWindow-iPhone.xib in Resources */ = {isa = PBXBuildFile; fileRef = 449C00EB12C1685E00C99ACD /* MainWindow-iPhone.xib */; };
		449C00EE12C1695C00C99ACD /* Entitlements.plist in Resources */ = {isa = PBXBuildFile; fileRef = 449C00ED12C1695C00C99ACD /* Entitlements.plist */; };
		449C00F012C1696F00C99ACD /* Default~iPad.png in Resources */ = {isa = PBXBuildFile; fileRef = 449C00EF12C1696F00C99ACD /* Default~iPad.png */; };
		449C00F512C1697800C99ACD /* background@2x~iphone.png in Resources */ = {isa = PBXBuildFile; fileRef = 449C00F112C1697800C99ACD /* background@2x~iphone.png */; };
		449C00F612C1697800C99ACD /* background~iphone.png in Resources */ = {isa = PBXBuildFile; fileRef = 449C00F212C1697800C99ACD /* background~iphone.png */; };
		449C00F712C1697800C99ACD /* Default@2x~iphone.png in Resources */ = {isa = PBXBuildFile; fileRef = 449C00F312C1697800C99ACD /* Default@2x~iphone.png */; };
		449C00F812C1697800C99ACD /* Default~iphone.png in Resources */ = {isa = PBXBuildFile; fileRef = 449C00F412C1697800C99ACD /* Default~iphone.png */; };
		449C00FA12C1698A00C99ACD /* RootViewController.xib in Resources */ = {isa = PBXBuildFile; fileRef = 449C00F912C1698A00C99ACD /* RootViewController.xib */; };
		449C00FC12C16E7A00C99ACD /* main.m in Sources */ = {isa = PBXBuildFile; fileRef = 449C00FB12C16E7A00C99ACD /* main.m */; };
		449C010912C16F0900C99ACD /* CFNetwork.framework in Frameworks */ = {isa = PBXBuildFile; fileRef = 449C010812C16F0900C99ACD /* CFNetwork.framework */; };
		449C011A12C16F3000C99ACD /* AudioToolbox.framework in Frameworks */ = {isa = PBXBuildFile; fileRef = 449C011912C16F3000C99ACD /* AudioToolbox.framework */; };
		449C012712C16F7C00C99ACD /* background.png in Resources */ = {isa = PBXBuildFile; fileRef = 449C012312C16F7C00C99ACD /* background.png */; };
		449C013612C16FB600C99ACD /* iOS-logo-72x72.png in Resources */ = {isa = PBXBuildFile; fileRef = 449C013512C16FB600C99ACD /* iOS-logo-72x72.png */; };
		449C013912C16FBE00C99ACD /* iOS-logo-57x57.png in Resources */ = {isa = PBXBuildFile; fileRef = 449C013712C16FBE00C99ACD /* iOS-logo-57x57.png */; };
		449C013A12C16FBE00C99ACD /* iOS-logo-114x114.png in Resources */ = {isa = PBXBuildFile; fileRef = 449C013812C16FBE00C99ACD /* iOS-logo-114x114.png */; };
/* End PBXBuildFile section */

/* Begin PBXFileReference section */
		1D30AB110D05D00D00671497 /* Foundation.framework */ = {isa = PBXFileReference; lastKnownFileType = wrapper.framework; name = Foundation.framework; path = System/Library/Frameworks/Foundation.framework; sourceTree = SDKROOT; };
		1D6058910D05DD3D006BFB54 /* TrickplayRemote.app */ = {isa = PBXFileReference; explicitFileType = wrapper.application; includeInIndex = 0; path = TrickplayRemote.app; sourceTree = BUILT_PRODUCTS_DIR; };
		1DF5F4DF0D08C38300B7A737 /* UIKit.framework */ = {isa = PBXFileReference; lastKnownFileType = wrapper.framework; name = UIKit.framework; path = System/Library/Frameworks/UIKit.framework; sourceTree = SDKROOT; };
		288765FC0DF74451002DB57D /* CoreGraphics.framework */ = {isa = PBXFileReference; lastKnownFileType = wrapper.framework; name = CoreGraphics.framework; path = System/Library/Frameworks/CoreGraphics.framework; sourceTree = SDKROOT; };
		32CA4F630368D1EE00C91783 /* TrickplayRemote_Prefix.pch */ = {isa = PBXFileReference; fileEncoding = 4; lastKnownFileType = sourcecode.c.h; path = TrickplayRemote_Prefix.pch; sourceTree = "<group>"; };
		449C00D512C1681200C99ACD /* AppDelegate.h */ = {isa = PBXFileReference; fileEncoding = 4; lastKnownFileType = sourcecode.c.h; name = AppDelegate.h; path = Classes/AppDelegate.h; sourceTree = "<group>"; };
		449C00D612C1681200C99ACD /* AppDelegate.m */ = {isa = PBXFileReference; fileEncoding = 4; lastKnownFileType = sourcecode.c.objc; name = AppDelegate.m; path = Classes/AppDelegate.m; sourceTree = "<group>"; };
		449C00D712C1681200C99ACD /* AsyncSocket.h */ = {isa = PBXFileReference; fileEncoding = 4; lastKnownFileType = sourcecode.c.h; name = AsyncSocket.h; path = Classes/AsyncSocket.h; sourceTree = "<group>"; };
		449C00D812C1681200C99ACD /* AsyncSocket.m */ = {isa = PBXFileReference; fileEncoding = 4; lastKnownFileType = sourcecode.c.objc; name = AsyncSocket.m; path = Classes/AsyncSocket.m; sourceTree = "<group>"; };
		449C00D912C1681200C99ACD /* AudioStreamer.h */ = {isa = PBXFileReference; fileEncoding = 4; lastKnownFileType = sourcecode.c.h; name = AudioStreamer.h; path = Classes/AudioStreamer.h; sourceTree = "<group>"; };
		449C00DA12C1681200C99ACD /* AudioStreamer.m */ = {isa = PBXFileReference; fileEncoding = 4; lastKnownFileType = sourcecode.c.objc; name = AudioStreamer.m; path = Classes/AudioStreamer.m; sourceTree = "<group>"; };
		449C00DB12C1681200C99ACD /* GestureView.h */ = {isa = PBXFileReference; fileEncoding = 4; lastKnownFileType = sourcecode.c.h; name = GestureView.h; path = Classes/GestureView.h; sourceTree = "<group>"; };
		449C00DC12C1681200C99ACD /* GestureView.m */ = {isa = PBXFileReference; fileEncoding = 4; lastKnownFileType = sourcecode.c.objc; name = GestureView.m; path = Classes/GestureView.m; sourceTree = "<group>"; };
		449C00DD12C1681200C99ACD /* GestureView.xib */ = {isa = PBXFileReference; lastKnownFileType = file.xib; name = GestureView.xib; path = Classes/GestureView.xib; sourceTree = "<group>"; };
		449C00DE12C1681200C99ACD /* NSStreamAdditions.h */ = {isa = PBXFileReference; fileEncoding = 4; lastKnownFileType = sourcecode.c.h; name = NSStreamAdditions.h; path = Classes/NSStreamAdditions.h; sourceTree = "<group>"; };
		449C00DF12C1681200C99ACD /* NSStreamAdditions.m */ = {isa = PBXFileReference; fileEncoding = 4; lastKnownFileType = sourcecode.c.objc; name = NSStreamAdditions.m; path = Classes/NSStreamAdditions.m; sourceTree = "<group>"; };
		449C00E012C1681200C99ACD /* RootViewController.h */ = {isa = PBXFileReference; fileEncoding = 4; lastKnownFileType = sourcecode.c.h; name = RootViewController.h; path = Classes/RootViewController.h; sourceTree = "<group>"; };
		449C00E112C1681200C99ACD /* RootViewController.m */ = {isa = PBXFileReference; fileEncoding = 4; lastKnownFileType = sourcecode.c.objc; name = RootViewController.m; path = Classes/RootViewController.m; sourceTree = "<group>"; };
		449C00E912C1684400C99ACD /* MainWindow-iPad.xib */ = {isa = PBXFileReference; lastKnownFileType = file.xib; path = "MainWindow-iPad.xib"; sourceTree = "<group>"; };
		449C00EB12C1685E00C99ACD /* MainWindow-iPhone.xib */ = {isa = PBXFileReference; lastKnownFileType = file.xib; path = "MainWindow-iPhone.xib"; sourceTree = "<group>"; };
		449C00ED12C1695C00C99ACD /* Entitlements.plist */ = {isa = PBXFileReference; fileEncoding = 4; lastKnownFileType = text.plist.xml; path = Entitlements.plist; sourceTree = "<group>"; };
		449C00EF12C1696F00C99ACD /* Default~iPad.png */ = {isa = PBXFileReference; lastKnownFileType = image.png; path = "Default~iPad.png"; sourceTree = "<group>"; };
		449C00F112C1697800C99ACD /* background@2x~iphone.png */ = {isa = PBXFileReference; lastKnownFileType = image.png; path = "background@2x~iphone.png"; sourceTree = "<group>"; };
		449C00F212C1697800C99ACD /* background~iphone.png */ = {isa = PBXFileReference; lastKnownFileType = image.png; path = "background~iphone.png"; sourceTree = "<group>"; };
		449C00F312C1697800C99ACD /* Default@2x~iphone.png */ = {isa = PBXFileReference; lastKnownFileType = image.png; path = "Default@2x~iphone.png"; sourceTree = "<group>"; };
		449C00F412C1697800C99ACD /* Default~iphone.png */ = {isa = PBXFileReference; lastKnownFileType = image.png; path = "Default~iphone.png"; sourceTree = "<group>"; };
		449C00F912C1698A00C99ACD /* RootViewController.xib */ = {isa = PBXFileReference; lastKnownFileType = file.xib; path = RootViewController.xib; sourceTree = "<group>"; };
		449C00FB12C16E7A00C99ACD /* main.m */ = {isa = PBXFileReference; fileEncoding = 4; lastKnownFileType = sourcecode.c.objc; path = main.m; sourceTree = "<group>"; };
		449C010812C16F0900C99ACD /* CFNetwork.framework */ = {isa = PBXFileReference; lastKnownFileType = wrapper.framework; name = CFNetwork.framework; path = System/Library/Frameworks/CFNetwork.framework; sourceTree = SDKROOT; };
		449C011912C16F3000C99ACD /* AudioToolbox.framework */ = {isa = PBXFileReference; lastKnownFileType = wrapper.framework; name = AudioToolbox.framework; path = System/Library/Frameworks/AudioToolbox.framework; sourceTree = SDKROOT; };
		449C012312C16F7C00C99ACD /* background.png */ = {isa = PBXFileReference; lastKnownFileType = image.png; path = background.png; sourceTree = "<group>"; };
		449C013512C16FB600C99ACD /* iOS-logo-72x72.png */ = {isa = PBXFileReference; lastKnownFileType = image.png; path = "iOS-logo-72x72.png"; sourceTree = "<group>"; };
		449C013712C16FBE00C99ACD /* iOS-logo-57x57.png */ = {isa = PBXFileReference; lastKnownFileType = image.png; path = "iOS-logo-57x57.png"; sourceTree = "<group>"; };
		449C013812C16FBE00C99ACD /* iOS-logo-114x114.png */ = {isa = PBXFileReference; lastKnownFileType = image.png; path = "iOS-logo-114x114.png"; sourceTree = "<group>"; };
		8D1107310486CEB800E47090 /* TrickplayRemote-Info.plist */ = {isa = PBXFileReference; fileEncoding = 4; lastKnownFileType = text.plist.xml; path = "TrickplayRemote-Info.plist"; plistStructureDefinitionIdentifier = "com.apple.xcode.plist.structure-definition.iphone.info-plist"; sourceTree = "<group>"; };
/* End PBXFileReference section */

/* Begin PBXFrameworksBuildPhase section */
		1D60588F0D05DD3D006BFB54 /* Frameworks */ = {
			isa = PBXFrameworksBuildPhase;
			buildActionMask = 2147483647;
			files = (
				1D60589F0D05DD5A006BFB54 /* Foundation.framework in Frameworks */,
				1DF5F4E00D08C38300B7A737 /* UIKit.framework in Frameworks */,
				288765FD0DF74451002DB57D /* CoreGraphics.framework in Frameworks */,
				449C010912C16F0900C99ACD /* CFNetwork.framework in Frameworks */,
				449C011A12C16F3000C99ACD /* AudioToolbox.framework in Frameworks */,
			);
			runOnlyForDeploymentPostprocessing = 0;
		};
/* End PBXFrameworksBuildPhase section */

/* Begin PBXGroup section */
		19C28FACFE9D520D11CA2CBB /* Products */ = {
			isa = PBXGroup;
			children = (
				1D6058910D05DD3D006BFB54 /* TrickplayRemote.app */,
			);
			name = Products;
			sourceTree = "<group>";
		};
		2860E324111B887F00E27156 /* iPhone */ = {
			isa = PBXGroup;
			children = (
				449C013712C16FBE00C99ACD /* iOS-logo-57x57.png */,
				449C013812C16FBE00C99ACD /* iOS-logo-114x114.png */,
				449C00F112C1697800C99ACD /* background@2x~iphone.png */,
				449C00F212C1697800C99ACD /* background~iphone.png */,
				449C00F312C1697800C99ACD /* Default@2x~iphone.png */,
				449C00F412C1697800C99ACD /* Default~iphone.png */,
				449C00EB12C1685E00C99ACD /* MainWindow-iPhone.xib */,
			);
			path = iPhone;
			sourceTree = "<group>";
		};
		2860E32A111B888700E27156 /* iPad */ = {
			isa = PBXGroup;
			children = (
				449C013512C16FB600C99ACD /* iOS-logo-72x72.png */,
				449C00EF12C1696F00C99ACD /* Default~iPad.png */,
				449C00E912C1684400C99ACD /* MainWindow-iPad.xib */,
			);
			path = iPad;
			sourceTree = "<group>";
		};
		28EEBF621118D79A00187D67 /* Shared */ = {
			isa = PBXGroup;
			children = (
				449C012312C16F7C00C99ACD /* background.png */,
				449C00FB12C16E7A00C99ACD /* main.m */,
				449C00F912C1698A00C99ACD /* RootViewController.xib */,
				449C00D512C1681200C99ACD /* AppDelegate.h */,
				449C00D612C1681200C99ACD /* AppDelegate.m */,
				449C00D712C1681200C99ACD /* AsyncSocket.h */,
				449C00D812C1681200C99ACD /* AsyncSocket.m */,
				449C00D912C1681200C99ACD /* AudioStreamer.h */,
				449C00DA12C1681200C99ACD /* AudioStreamer.m */,
				449C00DB12C1681200C99ACD /* GestureView.h */,
				449C00DC12C1681200C99ACD /* GestureView.m */,
				449C00DD12C1681200C99ACD /* GestureView.xib */,
				449C00DE12C1681200C99ACD /* NSStreamAdditions.h */,
				449C00DF12C1681200C99ACD /* NSStreamAdditions.m */,
				449C00E012C1681200C99ACD /* RootViewController.h */,
				449C00E112C1681200C99ACD /* RootViewController.m */,
				8D1107310486CEB800E47090 /* TrickplayRemote-Info.plist */,
			);
			name = Shared;
			sourceTree = "<group>";
		};
		29B97314FDCFA39411CA2CEA /* CustomTemplate */ = {
			isa = PBXGroup;
			children = (
				2860E32A111B888700E27156 /* iPad */,
				2860E324111B887F00E27156 /* iPhone */,
				28EEBF621118D79A00187D67 /* Shared */,
				29B97315FDCFA39411CA2CEA /* Other Sources */,
				29B97323FDCFA39411CA2CEA /* Frameworks */,
				19C28FACFE9D520D11CA2CBB /* Products */,
			);
			name = CustomTemplate;
			sourceTree = "<group>";
		};
		29B97315FDCFA39411CA2CEA /* Other Sources */ = {
			isa = PBXGroup;
			children = (
				449C00ED12C1695C00C99ACD /* Entitlements.plist */,
				32CA4F630368D1EE00C91783 /* TrickplayRemote_Prefix.pch */,
			);
			name = "Other Sources";
			sourceTree = "<group>";
		};
		29B97323FDCFA39411CA2CEA /* Frameworks */ = {
			isa = PBXGroup;
			children = (
				1DF5F4DF0D08C38300B7A737 /* UIKit.framework */,
				1D30AB110D05D00D00671497 /* Foundation.framework */,
				288765FC0DF74451002DB57D /* CoreGraphics.framework */,
				449C010812C16F0900C99ACD /* CFNetwork.framework */,
				449C011912C16F3000C99ACD /* AudioToolbox.framework */,
			);
			name = Frameworks;
			sourceTree = "<group>";
		};
/* End PBXGroup section */

/* Begin PBXNativeTarget section */
		1D6058900D05DD3D006BFB54 /* TrickplayRemote */ = {
			isa = PBXNativeTarget;
			buildConfigurationList = 1D6058960D05DD3E006BFB54 /* Build configuration list for PBXNativeTarget "TrickplayRemote" */;
			buildPhases = (
				1D60588D0D05DD3D006BFB54 /* Resources */,
				1D60588E0D05DD3D006BFB54 /* Sources */,
				1D60588F0D05DD3D006BFB54 /* Frameworks */,
			);
			buildRules = (
			);
			dependencies = (
			);
			name = TrickplayRemote;
			productName = TrickplayRemote;
			productReference = 1D6058910D05DD3D006BFB54 /* TrickplayRemote.app */;
			productType = "com.apple.product-type.application";
		};
/* End PBXNativeTarget section */

/* Begin PBXProject section */
		29B97313FDCFA39411CA2CEA /* Project object */ = {
			isa = PBXProject;
			buildConfigurationList = C01FCF4E08A954540054247B /* Build configuration list for PBXProject "TrickplayRemote" */;
			compatibilityVersion = "Xcode 3.1";
			developmentRegion = English;
			hasScannedForEncodings = 1;
			knownRegions = (
				English,
				Japanese,
				French,
				German,
			);
			mainGroup = 29B97314FDCFA39411CA2CEA /* CustomTemplate */;
			projectDirPath = "";
			projectRoot = "";
			targets = (
				1D6058900D05DD3D006BFB54 /* TrickplayRemote */,
			);
		};
/* End PBXProject section */

/* Begin PBXResourcesBuildPhase section */
		1D60588D0D05DD3D006BFB54 /* Resources */ = {
			isa = PBXResourcesBuildPhase;
			buildActionMask = 2147483647;
			files = (
				449C00E612C1681200C99ACD /* GestureView.xib in Resources */,
				449C00EA12C1684400C99ACD /* MainWindow-iPad.xib in Resources */,
				449C00EC12C1685E00C99ACD /* MainWindow-iPhone.xib in Resources */,
				449C00EE12C1695C00C99ACD /* Entitlements.plist in Resources */,
				449C00F012C1696F00C99ACD /* Default~iPad.png in Resources */,
				449C00F512C1697800C99ACD /* background@2x~iphone.png in Resources */,
				449C00F612C1697800C99ACD /* background~iphone.png in Resources */,
				449C00F712C1697800C99ACD /* Default@2x~iphone.png in Resources */,
				449C00F812C1697800C99ACD /* Default~iphone.png in Resources */,
				449C00FA12C1698A00C99ACD /* RootViewController.xib in Resources */,
				449C012712C16F7C00C99ACD /* background.png in Resources */,
				449C013612C16FB600C99ACD /* iOS-logo-72x72.png in Resources */,
				449C013912C16FBE00C99ACD /* iOS-logo-57x57.png in Resources */,
				449C013A12C16FBE00C99ACD /* iOS-logo-114x114.png in Resources */,
			);
			runOnlyForDeploymentPostprocessing = 0;
		};
/* End PBXResourcesBuildPhase section */

/* Begin PBXSourcesBuildPhase section */
		1D60588E0D05DD3D006BFB54 /* Sources */ = {
			isa = PBXSourcesBuildPhase;
			buildActionMask = 2147483647;
			files = (
				449C00E212C1681200C99ACD /* AppDelegate.m in Sources */,
				449C00E312C1681200C99ACD /* AsyncSocket.m in Sources */,
				449C00E412C1681200C99ACD /* AudioStreamer.m in Sources */,
				449C00E512C1681200C99ACD /* GestureView.m in Sources */,
				449C00E712C1681200C99ACD /* NSStreamAdditions.m in Sources */,
				449C00E812C1681200C99ACD /* RootViewController.m in Sources */,
				449C00FC12C16E7A00C99ACD /* main.m in Sources */,
			);
			runOnlyForDeploymentPostprocessing = 0;
		};
/* End PBXSourcesBuildPhase section */

/* Begin XCBuildConfiguration section */
		1D6058940D05DD3E006BFB54 /* Debug */ = {
			isa = XCBuildConfiguration;
			buildSettings = {
				ALWAYS_SEARCH_USER_PATHS = NO;
				COPY_PHASE_STRIP = NO;
				GCC_DYNAMIC_NO_PIC = NO;
				GCC_OPTIMIZATION_LEVEL = 0;
				GCC_PRECOMPILE_PREFIX_HEADER = YES;
				GCC_PREFIX_HEADER = TrickplayRemote_Prefix.pch;
				INFOPLIST_FILE = "TrickplayRemote-Info.plist";
				PRODUCT_NAME = TrickplayRemote;
			};
			name = Debug;
		};
		1D6058950D05DD3E006BFB54 /* Release */ = {
			isa = XCBuildConfiguration;
			buildSettings = {
				ALWAYS_SEARCH_USER_PATHS = NO;
				COPY_PHASE_STRIP = YES;
				GCC_PRECOMPILE_PREFIX_HEADER = YES;
				GCC_PREFIX_HEADER = TrickplayRemote_Prefix.pch;
				INFOPLIST_FILE = "TrickplayRemote-Info.plist";
				PRODUCT_NAME = TrickplayRemote;
				VALIDATE_PRODUCT = YES;
			};
			name = Release;
		};
		C01FCF4F08A954540054247B /* Debug */ = {
			isa = XCBuildConfiguration;
			buildSettings = {
				ARCHS = "$(ARCHS_STANDARD_32_BIT)";
				"CODE_SIGN_IDENTITY[sdk=iphoneos*]" = "iPhone Developer";
				GCC_C_LANGUAGE_STANDARD = c99;
				GCC_VERSION = "";
				GCC_WARN_ABOUT_RETURN_TYPE = YES;
				GCC_WARN_UNUSED_VARIABLE = YES;
				PREBINDING = NO;
				SDKROOT = iphoneos;
				TARGETED_DEVICE_FAMILY = "1,2";
			};
			name = Debug;
		};
		C01FCF5008A954540054247B /* Release */ = {
			isa = XCBuildConfiguration;
			buildSettings = {
				ARCHS = "$(ARCHS_STANDARD_32_BIT)";
				"CODE_SIGN_IDENTITY[sdk=iphoneos*]" = "iPhone Developer";
				GCC_C_LANGUAGE_STANDARD = c99;
				GCC_VERSION = "";
				GCC_WARN_ABOUT_RETURN_TYPE = YES;
				GCC_WARN_UNUSED_VARIABLE = YES;
				OTHER_CFLAGS = "-DNS_BLOCK_ASSERTIONS=1";
				PREBINDING = NO;
				SDKROOT = iphoneos;
				TARGETED_DEVICE_FAMILY = "1,2";
			};
			name = Release;
		};
/* End XCBuildConfiguration section */

/* Begin XCConfigurationList section */
		1D6058960D05DD3E006BFB54 /* Build configuration list for PBXNativeTarget "TrickplayRemote" */ = {
			isa = XCConfigurationList;
			buildConfigurations = (
				1D6058940D05DD3E006BFB54 /* Debug */,
				1D6058950D05DD3E006BFB54 /* Release */,
			);
			defaultConfigurationIsVisible = 0;
			defaultConfigurationName = Release;
		};
		C01FCF4E08A954540054247B /* Build configuration list for PBXProject "TrickplayRemote" */ = {
			isa = XCConfigurationList;
			buildConfigurations = (
				C01FCF4F08A954540054247B /* Debug */,
				C01FCF5008A954540054247B /* Release */,
			);
			defaultConfigurationIsVisible = 0;
			defaultConfigurationName = Release;
		};
/* End XCConfigurationList section */
	};
	rootObject = 29B97313FDCFA39411CA2CEA /* Project object */;
}
